
Microsoft Visual Studio Solution File, Format Version 12.00
Project("{FAE04EC0-301F-11D3-BF4B-00C04F79EFBC}") = "ElectronicJournal.DTO", "ElectronicJournal.DTO\ElectronicJournal.DTO.csproj", "{674CB39D-DF2F-4FAB-B6FD-C832F66242ED}"
EndProject
Global
	GlobalSection(SolutionConfigurationPlatforms) = preSolution
		Debug|Any CPU = Debug|Any CPU
		Release|Any CPU = Release|Any CPU
	EndGlobalSection
	GlobalSection(ProjectConfigurationPlatforms) = postSolution
		{674CB39D-DF2F-4FAB-B6FD-C832F66242ED}.Debug|Any CPU.ActiveCfg = Debug|Any CPU
		{674CB39D-DF2F-4FAB-B6FD-C832F66242ED}.Debug|Any CPU.Build.0 = Debug|Any CPU
		{674CB39D-DF2F-4FAB-B6FD-C832F66242ED}.Release|Any CPU.ActiveCfg = Release|Any CPU
		{674CB39D-DF2F-4FAB-B6FD-C832F66242ED}.Release|Any CPU.Build.0 = Release|Any CPU
	EndGlobalSection
EndGlobal
